// !$*UTF8*$!
{
	archiveVersion = 1;
	classes = {
	};
	objectVersion = 56;
	objects = {

/* Begin PBXBuildFile section */
		4A2F27FB2B923C7D00C066D6 /* GardenPlantDetailView.swift in Sources */ = {isa = PBXBuildFile; fileRef = 4A2F27FA2B923C7D00C066D6 /* GardenPlantDetailView.swift */; };
		4A2F27FD2B976E5F00C066D6 /* Colors.swift in Sources */ = {isa = PBXBuildFile; fileRef = 4A2F27FC2B976E5F00C066D6 /* Colors.swift */; };
		4A2F9F202B879F6B004B9014 /* Plant.swift in Sources */ = {isa = PBXBuildFile; fileRef = 4A2F9F1F2B879F6B004B9014 /* Plant.swift */; };
		4A2F9F222B87A004004B9014 /* PlantArray.swift in Sources */ = {isa = PBXBuildFile; fileRef = 4A2F9F212B87A004004B9014 /* PlantArray.swift */; };
		4A2F9F272B87ABC4004B9014 /* WebService.swift in Sources */ = {isa = PBXBuildFile; fileRef = 4A2F9F262B87ABC4004B9014 /* WebService.swift */; };
		4A2F9F292B87AC62004B9014 /* PlantsViewModel.swift in Sources */ = {isa = PBXBuildFile; fileRef = 4A2F9F282B87AC62004B9014 /* PlantsViewModel.swift */; };
		4A2F9F2C2B87FE81004B9014 /* PlantCellView.swift in Sources */ = {isa = PBXBuildFile; fileRef = 4A2F9F2B2B87FE81004B9014 /* PlantCellView.swift */; };
		4A2F9F2F2B890171004B9014 /* PlantAPIView.swift in Sources */ = {isa = PBXBuildFile; fileRef = 4A2F9F2E2B890171004B9014 /* PlantAPIView.swift */; };
		4A2F9F312B8901B1004B9014 /* PlantDetailView.swift in Sources */ = {isa = PBXBuildFile; fileRef = 4A2F9F302B8901B1004B9014 /* PlantDetailView.swift */; };
		4A2F9F332B890216004B9014 /* PlantDetail.swift in Sources */ = {isa = PBXBuildFile; fileRef = 4A2F9F322B890216004B9014 /* PlantDetail.swift */; };
		4A2F9F352B8D46B6004B9014 /* PlantPictureScrollView.swift in Sources */ = {isa = PBXBuildFile; fileRef = 4A2F9F342B8D46B6004B9014 /* PlantPictureScrollView.swift */; };
		4A2F9F372B8E4C0D004B9014 /* GardenView.swift in Sources */ = {isa = PBXBuildFile; fileRef = 4A2F9F362B8E4C0D004B9014 /* GardenView.swift */; };
		4A2F9F392B8E94C1004B9014 /* GardenPlant.swift in Sources */ = {isa = PBXBuildFile; fileRef = 4A2F9F382B8E94C1004B9014 /* GardenPlant.swift */; };
		4A547E292B8796D400F4798D /* GardenPlannerApp.swift in Sources */ = {isa = PBXBuildFile; fileRef = 4A547E282B8796D400F4798D /* GardenPlannerApp.swift */; };
		4A547E2B2B8796D400F4798D /* NotificationsView.swift in Sources */ = {isa = PBXBuildFile; fileRef = 4A547E2A2B8796D400F4798D /* NotificationsView.swift */; };
		4A547E2D2B8796D500F4798D /* Assets.xcassets in Resources */ = {isa = PBXBuildFile; fileRef = 4A547E2C2B8796D500F4798D /* Assets.xcassets */; };
		4A547E302B8796D500F4798D /* Preview Assets.xcassets in Resources */ = {isa = PBXBuildFile; fileRef = 4A547E2F2B8796D500F4798D /* Preview Assets.xcassets */; };
		4A634AFA2B9A1AD700A683FD /* AppDelegate.swift in Sources */ = {isa = PBXBuildFile; fileRef = 4A634AF92B9A1AD700A683FD /* AppDelegate.swift */; };
		4A634AFE2B9B64BD00A683FD /* NotifyCellView.swift in Sources */ = {isa = PBXBuildFile; fileRef = 4A634AFD2B9B64BD00A683FD /* NotifyCellView.swift */; };
		4A6BBB892BB30DB800ACE001 /* GardenPlantDetailPicturesView.swift in Sources */ = {isa = PBXBuildFile; fileRef = 4A6BBB882BB30DB800ACE001 /* GardenPlantDetailPicturesView.swift */; };
		4A6BBB8F2BB3556C00ACE001 /* GardenPlantCellView.swift in Sources */ = {isa = PBXBuildFile; fileRef = 4A6BBB8E2BB3556C00ACE001 /* GardenPlantCellView.swift */; };
		4A6BBB962BB35D9E00ACE001 /* AccessCameraView.swift in Sources */ = {isa = PBXBuildFile; fileRef = 4A6BBB952BB35D9E00ACE001 /* AccessCameraView.swift */; };
		4A6BBB992BB5B02200ACE001 /* GardenPlantDetailMonthsView.swift in Sources */ = {isa = PBXBuildFile; fileRef = 4A6BBB982BB5B02200ACE001 /* GardenPlantDetailMonthsView.swift */; };
		4A6BBB9B2BBC5AAB00ACE001 /* ReminderViewModel.swift in Sources */ = {isa = PBXBuildFile; fileRef = 4A6BBB9A2BBC5AAB00ACE001 /* ReminderViewModel.swift */; };
		4A6BBB9D2BBC85F400ACE001 /* ReminderCellView.swift in Sources */ = {isa = PBXBuildFile; fileRef = 4A6BBB9C2BBC85F400ACE001 /* ReminderCellView.swift */; };
		4A6BBB9F2BBF4F4900ACE001 /* LocationDataManager.swift in Sources */ = {isa = PBXBuildFile; fileRef = 4A6BBB9E2BBF4F4900ACE001 /* LocationDataManager.swift */; };
		4A6BBBA12BC58CBA00ACE001 /* ChildSizeReader.swift in Sources */ = {isa = PBXBuildFile; fileRef = 4A6BBBA02BC58CBA00ACE001 /* ChildSizeReader.swift */; };
		4A6BBBA32BC58DB600ACE001 /* KeyBoardOnDragGesture.swift in Sources */ = {isa = PBXBuildFile; fileRef = 4A6BBBA22BC58DB600ACE001 /* KeyBoardOnDragGesture.swift */; };
		4A962E7B2BA224A600F6CB32 /* EntryCellView.swift in Sources */ = {isa = PBXBuildFile; fileRef = 4A962E7A2BA224A600F6CB32 /* EntryCellView.swift */; };
		4A9A6F792BADC6F70039E0D9 /* Vortex in Frameworks */ = {isa = PBXBuildFile; productRef = 4A9A6F782BADC6F70039E0D9 /* Vortex */; };
		4A9A6F7B2BADCA810039E0D9 /* CustomRain.swift in Sources */ = {isa = PBXBuildFile; fileRef = 4A9A6F7A2BADCA810039E0D9 /* CustomRain.swift */; };
		4AFFD29F2BA88BF8008A7F5C /* PicturesSectionView.swift in Sources */ = {isa = PBXBuildFile; fileRef = 4AFFD29E2BA88BF8008A7F5C /* PicturesSectionView.swift */; };
/* End PBXBuildFile section */

/* Begin PBXFileReference section */
		4A2F27FA2B923C7D00C066D6 /* GardenPlantDetailView.swift */ = {isa = PBXFileReference; lastKnownFileType = sourcecode.swift; path = GardenPlantDetailView.swift; sourceTree = "<group>"; };
		4A2F27FC2B976E5F00C066D6 /* Colors.swift */ = {isa = PBXFileReference; lastKnownFileType = sourcecode.swift; name = Colors.swift; path = GardenPlanner/View/Colors.swift; sourceTree = SOURCE_ROOT; };
		4A2F9F1F2B879F6B004B9014 /* Plant.swift */ = {isa = PBXFileReference; lastKnownFileType = sourcecode.swift; path = Plant.swift; sourceTree = "<group>"; };
		4A2F9F212B87A004004B9014 /* PlantArray.swift */ = {isa = PBXFileReference; lastKnownFileType = sourcecode.swift; path = PlantArray.swift; sourceTree = "<group>"; };
		4A2F9F262B87ABC4004B9014 /* WebService.swift */ = {isa = PBXFileReference; lastKnownFileType = sourcecode.swift; path = WebService.swift; sourceTree = "<group>"; };
		4A2F9F282B87AC62004B9014 /* PlantsViewModel.swift */ = {isa = PBXFileReference; lastKnownFileType = sourcecode.swift; path = PlantsViewModel.swift; sourceTree = "<group>"; };
		4A2F9F2B2B87FE81004B9014 /* PlantCellView.swift */ = {isa = PBXFileReference; lastKnownFileType = sourcecode.swift; path = PlantCellView.swift; sourceTree = "<group>"; };
		4A2F9F2E2B890171004B9014 /* PlantAPIView.swift */ = {isa = PBXFileReference; lastKnownFileType = sourcecode.swift; path = PlantAPIView.swift; sourceTree = "<group>"; };
		4A2F9F302B8901B1004B9014 /* PlantDetailView.swift */ = {isa = PBXFileReference; lastKnownFileType = sourcecode.swift; path = PlantDetailView.swift; sourceTree = "<group>"; };
		4A2F9F322B890216004B9014 /* PlantDetail.swift */ = {isa = PBXFileReference; lastKnownFileType = sourcecode.swift; path = PlantDetail.swift; sourceTree = "<group>"; };
		4A2F9F342B8D46B6004B9014 /* PlantPictureScrollView.swift */ = {isa = PBXFileReference; lastKnownFileType = sourcecode.swift; path = PlantPictureScrollView.swift; sourceTree = "<group>"; };
		4A2F9F362B8E4C0D004B9014 /* GardenView.swift */ = {isa = PBXFileReference; lastKnownFileType = sourcecode.swift; path = GardenView.swift; sourceTree = "<group>"; };
		4A2F9F382B8E94C1004B9014 /* GardenPlant.swift */ = {isa = PBXFileReference; lastKnownFileType = sourcecode.swift; path = GardenPlant.swift; sourceTree = "<group>"; };
		4A547E252B8796D400F4798D /* GardenPlanner.app */ = {isa = PBXFileReference; explicitFileType = wrapper.application; includeInIndex = 0; path = GardenPlanner.app; sourceTree = BUILT_PRODUCTS_DIR; };
		4A547E282B8796D400F4798D /* GardenPlannerApp.swift */ = {isa = PBXFileReference; lastKnownFileType = sourcecode.swift; path = GardenPlannerApp.swift; sourceTree = "<group>"; };
		4A547E2A2B8796D400F4798D /* NotificationsView.swift */ = {isa = PBXFileReference; lastKnownFileType = sourcecode.swift; path = NotificationsView.swift; sourceTree = "<group>"; };
		4A547E2C2B8796D500F4798D /* Assets.xcassets */ = {isa = PBXFileReference; lastKnownFileType = folder.assetcatalog; path = Assets.xcassets; sourceTree = "<group>"; };
		4A547E2F2B8796D500F4798D /* Preview Assets.xcassets */ = {isa = PBXFileReference; lastKnownFileType = folder.assetcatalog; path = "Preview Assets.xcassets"; sourceTree = "<group>"; };
		4A634AF92B9A1AD700A683FD /* AppDelegate.swift */ = {isa = PBXFileReference; lastKnownFileType = sourcecode.swift; name = AppDelegate.swift; path = View/AppDelegate.swift; sourceTree = "<group>"; };
		4A634AFD2B9B64BD00A683FD /* NotifyCellView.swift */ = {isa = PBXFileReference; lastKnownFileType = sourcecode.swift; path = NotifyCellView.swift; sourceTree = "<group>"; };
		4A6BBB882BB30DB800ACE001 /* GardenPlantDetailPicturesView.swift */ = {isa = PBXFileReference; lastKnownFileType = sourcecode.swift; path = GardenPlantDetailPicturesView.swift; sourceTree = "<group>"; };
		4A6BBB8E2BB3556C00ACE001 /* GardenPlantCellView.swift */ = {isa = PBXFileReference; lastKnownFileType = sourcecode.swift; path = GardenPlantCellView.swift; sourceTree = "<group>"; };
		4A6BBB952BB35D9E00ACE001 /* AccessCameraView.swift */ = {isa = PBXFileReference; lastKnownFileType = sourcecode.swift; path = AccessCameraView.swift; sourceTree = "<group>"; };
		4A6BBB982BB5B02200ACE001 /* GardenPlantDetailMonthsView.swift */ = {isa = PBXFileReference; lastKnownFileType = sourcecode.swift; path = GardenPlantDetailMonthsView.swift; sourceTree = "<group>"; };
		4A6BBB9A2BBC5AAB00ACE001 /* ReminderViewModel.swift */ = {isa = PBXFileReference; lastKnownFileType = sourcecode.swift; path = ReminderViewModel.swift; sourceTree = "<group>"; };
		4A6BBB9C2BBC85F400ACE001 /* ReminderCellView.swift */ = {isa = PBXFileReference; lastKnownFileType = sourcecode.swift; path = ReminderCellView.swift; sourceTree = "<group>"; };
		4A6BBB9E2BBF4F4900ACE001 /* LocationDataManager.swift */ = {isa = PBXFileReference; lastKnownFileType = sourcecode.swift; path = LocationDataManager.swift; sourceTree = SOURCE_ROOT; };
		4A6BBBA02BC58CBA00ACE001 /* ChildSizeReader.swift */ = {isa = PBXFileReference; lastKnownFileType = sourcecode.swift; name = ChildSizeReader.swift; path = GardenPlanner/View/PlantAPi/ChildSizeReader.swift; sourceTree = SOURCE_ROOT; };
		4A6BBBA22BC58DB600ACE001 /* KeyBoardOnDragGesture.swift */ = {isa = PBXFileReference; lastKnownFileType = sourcecode.swift; name = KeyBoardOnDragGesture.swift; path = GardenPlanner/View/PlantAPi/KeyBoardOnDragGesture.swift; sourceTree = SOURCE_ROOT; };
		4A962E7A2BA224A600F6CB32 /* EntryCellView.swift */ = {isa = PBXFileReference; lastKnownFileType = sourcecode.swift; path = EntryCellView.swift; sourceTree = "<group>"; };
		4A9A6F7A2BADCA810039E0D9 /* CustomRain.swift */ = {isa = PBXFileReference; lastKnownFileType = sourcecode.swift; path = CustomRain.swift; sourceTree = "<group>"; };
		4AFFD29E2BA88BF8008A7F5C /* PicturesSectionView.swift */ = {isa = PBXFileReference; lastKnownFileType = sourcecode.swift; path = PicturesSectionView.swift; sourceTree = "<group>"; };
/* End PBXFileReference section */

/* Begin PBXFrameworksBuildPhase section */
		4A547E222B8796D400F4798D /* Frameworks */ = {
			isa = PBXFrameworksBuildPhase;
			buildActionMask = 2147483647;
			files = (
				4A9A6F792BADC6F70039E0D9 /* Vortex in Frameworks */,
			);
			runOnlyForDeploymentPostprocessing = 0;
		};
/* End PBXFrameworksBuildPhase section */

/* Begin PBXGroup section */
		4A2F9F152B879C8A004B9014 /* View */ = {
			isa = PBXGroup;
			children = (
				4A6BBB8A2BB3543700ACE001 /* PlantAPi */,
				4A6BBB8C2BB3546100ACE001 /* GardenPlant */,
				4A6BBB8D2BB354B100ACE001 /* rReminders */,
			);
			path = View;
			sourceTree = "<group>";
		};
		4A2F9F1A2B879E0F004B9014 /* Model */ = {
			isa = PBXGroup;
			children = (
				4A6BBBA22BC58DB600ACE001 /* KeyBoardOnDragGesture.swift */,
				4A6BBBA02BC58CBA00ACE001 /* ChildSizeReader.swift */,
				4A2F27FC2B976E5F00C066D6 /* Colors.swift */,
				4A2F9F1F2B879F6B004B9014 /* Plant.swift */,
				4A2F9F212B87A004004B9014 /* PlantArray.swift */,
				4A2F9F322B890216004B9014 /* PlantDetail.swift */,
				4A2F9F382B8E94C1004B9014 /* GardenPlant.swift */,
			);
			path = Model;
			sourceTree = "<group>";
		};
		4A2F9F2A2B87AC71004B9014 /* ViewModel */ = {
			isa = PBXGroup;
			children = (
				4A6BBB9E2BBF4F4900ACE001 /* LocationDataManager.swift */,
				4A2F9F262B87ABC4004B9014 /* WebService.swift */,
				4A2F9F282B87AC62004B9014 /* PlantsViewModel.swift */,
				4A6BBB9A2BBC5AAB00ACE001 /* ReminderViewModel.swift */,
			);
			path = ViewModel;
			sourceTree = "<group>";
		};
		4A547E1C2B8796D400F4798D = {
			isa = PBXGroup;
			children = (
				4A547E272B8796D400F4798D /* GardenPlanner */,
				4A547E262B8796D400F4798D /* Products */,
			);
			sourceTree = "<group>";
		};
		4A547E262B8796D400F4798D /* Products */ = {
			isa = PBXGroup;
			children = (
				4A547E252B8796D400F4798D /* GardenPlanner.app */,
			);
			name = Products;
			sourceTree = "<group>";
		};
		4A547E272B8796D400F4798D /* GardenPlanner */ = {
			isa = PBXGroup;
			children = (
				4A547E282B8796D400F4798D /* GardenPlannerApp.swift */,
				4A634AF92B9A1AD700A683FD /* AppDelegate.swift */,
				4A9A6F7C2BADCA860039E0D9 /* Animation */,
				4A2F9F1A2B879E0F004B9014 /* Model */,
				4A2F9F2A2B87AC71004B9014 /* ViewModel */,
				4A2F9F152B879C8A004B9014 /* View */,
				4A547E2C2B8796D500F4798D /* Assets.xcassets */,
				4A547E2E2B8796D500F4798D /* Preview Content */,
			);
			path = GardenPlanner;
			sourceTree = "<group>";
		};
		4A547E2E2B8796D500F4798D /* Preview Content */ = {
			isa = PBXGroup;
			children = (
				4A547E2F2B8796D500F4798D /* Preview Assets.xcassets */,
			);
			path = "Preview Content";
			sourceTree = "<group>";
		};
		4A6BBB8A2BB3543700ACE001 /* PlantAPi */ = {
			isa = PBXGroup;
			children = (
				4A2F9F2E2B890171004B9014 /* PlantAPIView.swift */,
				4A2F9F302B8901B1004B9014 /* PlantDetailView.swift */,
				4A2F9F2B2B87FE81004B9014 /* PlantCellView.swift */,
				4AFFD29E2BA88BF8008A7F5C /* PicturesSectionView.swift */,
				4A2F9F342B8D46B6004B9014 /* PlantPictureScrollView.swift */,
			);
			path = PlantAPi;
			sourceTree = "<group>";
		};
		4A6BBB8C2BB3546100ACE001 /* GardenPlant */ = {
			isa = PBXGroup;
			children = (
				4A2F9F362B8E4C0D004B9014 /* GardenView.swift */,
				4A2F27FA2B923C7D00C066D6 /* GardenPlantDetailView.swift */,
				4A6BBB972BB5AF8C00ACE001 /* GardenPlantSubViews */,
				4A6BBB942BB35D6500ACE001 /* Camera */,
			);
			path = GardenPlant;
			sourceTree = "<group>";
		};
		4A6BBB8D2BB354B100ACE001 /* rReminders */ = {
			isa = PBXGroup;
			children = (
				4A547E2A2B8796D400F4798D /* NotificationsView.swift */,
				4A634AFD2B9B64BD00A683FD /* NotifyCellView.swift */,
			);
			path = rReminders;
			sourceTree = "<group>";
		};
		4A6BBB942BB35D6500ACE001 /* Camera */ = {
			isa = PBXGroup;
			children = (
				4A6BBB952BB35D9E00ACE001 /* AccessCameraView.swift */,
			);
			path = Camera;
			sourceTree = "<group>";
		};
		4A6BBB972BB5AF8C00ACE001 /* GardenPlantSubViews */ = {
			isa = PBXGroup;
			children = (
				4A6BBB8E2BB3556C00ACE001 /* GardenPlantCellView.swift */,
				4A6BBB882BB30DB800ACE001 /* GardenPlantDetailPicturesView.swift */,
				4A6BBB982BB5B02200ACE001 /* GardenPlantDetailMonthsView.swift */,
				4A962E7A2BA224A600F6CB32 /* EntryCellView.swift */,
				4A6BBB9C2BBC85F400ACE001 /* ReminderCellView.swift */,
			);
			path = GardenPlantSubViews;
			sourceTree = "<group>";
		};
		4A9A6F7C2BADCA860039E0D9 /* Animation */ = {
			isa = PBXGroup;
			children = (
				4A9A6F7A2BADCA810039E0D9 /* CustomRain.swift */,
			);
			path = Animation;
			sourceTree = "<group>";
		};
/* End PBXGroup section */

/* Begin PBXNativeTarget section */
		4A547E242B8796D400F4798D /* GardenPlanner */ = {
			isa = PBXNativeTarget;
			buildConfigurationList = 4A547E332B8796D500F4798D /* Build configuration list for PBXNativeTarget "GardenPlanner" */;
			buildPhases = (
				4A547E212B8796D400F4798D /* Sources */,
				4A547E222B8796D400F4798D /* Frameworks */,
				4A547E232B8796D400F4798D /* Resources */,
			);
			buildRules = (
			);
			dependencies = (
			);
			name = GardenPlanner;
			packageProductDependencies = (
				4A9A6F782BADC6F70039E0D9 /* Vortex */,
			);
			productName = GardenPlanner;
			productReference = 4A547E252B8796D400F4798D /* GardenPlanner.app */;
			productType = "com.apple.product-type.application";
		};
/* End PBXNativeTarget section */

/* Begin PBXProject section */
		4A547E1D2B8796D400F4798D /* Project object */ = {
			isa = PBXProject;
			attributes = {
				BuildIndependentTargetsInParallel = 1;
				LastSwiftUpdateCheck = 1520;
				LastUpgradeCheck = 1520;
				TargetAttributes = {
					4A547E242B8796D400F4798D = {
						CreatedOnToolsVersion = 15.2;
					};
				};
			};
			buildConfigurationList = 4A547E202B8796D400F4798D /* Build configuration list for PBXProject "GardenPlanner" */;
			compatibilityVersion = "Xcode 14.0";
			developmentRegion = en;
			hasScannedForEncodings = 0;
			knownRegions = (
				en,
				Base,
			);
			mainGroup = 4A547E1C2B8796D400F4798D;
			packageReferences = (
				4A9A6F772BADC6F70039E0D9 /* XCRemoteSwiftPackageReference "Vortex" */,
			);
			productRefGroup = 4A547E262B8796D400F4798D /* Products */;
			projectDirPath = "";
			projectRoot = "";
			targets = (
				4A547E242B8796D400F4798D /* GardenPlanner */,
			);
		};
/* End PBXProject section */

/* Begin PBXResourcesBuildPhase section */
		4A547E232B8796D400F4798D /* Resources */ = {
			isa = PBXResourcesBuildPhase;
			buildActionMask = 2147483647;
			files = (
				4A547E302B8796D500F4798D /* Preview Assets.xcassets in Resources */,
				4A547E2D2B8796D500F4798D /* Assets.xcassets in Resources */,
			);
			runOnlyForDeploymentPostprocessing = 0;
		};
/* End PBXResourcesBuildPhase section */

/* Begin PBXSourcesBuildPhase section */
		4A547E212B8796D400F4798D /* Sources */ = {
			isa = PBXSourcesBuildPhase;
			buildActionMask = 2147483647;
			files = (
				4A9A6F7B2BADCA810039E0D9 /* CustomRain.swift in Sources */,
				4A2F9F222B87A004004B9014 /* PlantArray.swift in Sources */,
				4A2F9F2F2B890171004B9014 /* PlantAPIView.swift in Sources */,
				4A6BBB8F2BB3556C00ACE001 /* GardenPlantCellView.swift in Sources */,
				4A2F9F202B879F6B004B9014 /* Plant.swift in Sources */,
				4A6BBB962BB35D9E00ACE001 /* AccessCameraView.swift in Sources */,
				4A2F9F272B87ABC4004B9014 /* WebService.swift in Sources */,
				4A962E7B2BA224A600F6CB32 /* EntryCellView.swift in Sources */,
				4A2F9F312B8901B1004B9014 /* PlantDetailView.swift in Sources */,
				4A6BBB9D2BBC85F400ACE001 /* ReminderCellView.swift in Sources */,
				4A547E2B2B8796D400F4798D /* NotificationsView.swift in Sources */,
				4A2F27FB2B923C7D00C066D6 /* GardenPlantDetailView.swift in Sources */,
				4AFFD29F2BA88BF8008A7F5C /* PicturesSectionView.swift in Sources */,
				4A547E292B8796D400F4798D /* GardenPlannerApp.swift in Sources */,
				4A6BBBA32BC58DB600ACE001 /* KeyBoardOnDragGesture.swift in Sources */,
				4A2F27FD2B976E5F00C066D6 /* Colors.swift in Sources */,
				4A2F9F392B8E94C1004B9014 /* GardenPlant.swift in Sources */,
				4A2F9F372B8E4C0D004B9014 /* GardenView.swift in Sources */,
				4A634AFA2B9A1AD700A683FD /* AppDelegate.swift in Sources */,
				4A2F9F292B87AC62004B9014 /* PlantsViewModel.swift in Sources */,
				4A6BBB992BB5B02200ACE001 /* GardenPlantDetailMonthsView.swift in Sources */,
				4A634AFE2B9B64BD00A683FD /* NotifyCellView.swift in Sources */,
				4A6BBB892BB30DB800ACE001 /* GardenPlantDetailPicturesView.swift in Sources */,
				4A6BBBA12BC58CBA00ACE001 /* ChildSizeReader.swift in Sources */,
				4A2F9F332B890216004B9014 /* PlantDetail.swift in Sources */,
				4A6BBB9B2BBC5AAB00ACE001 /* ReminderViewModel.swift in Sources */,
				4A2F9F352B8D46B6004B9014 /* PlantPictureScrollView.swift in Sources */,
				4A6BBB9F2BBF4F4900ACE001 /* LocationDataManager.swift in Sources */,
				4A2F9F2C2B87FE81004B9014 /* PlantCellView.swift in Sources */,
			);
			runOnlyForDeploymentPostprocessing = 0;
		};
/* End PBXSourcesBuildPhase section */

/* Begin XCBuildConfiguration section */
		4A547E312B8796D500F4798D /* Debug */ = {
			isa = XCBuildConfiguration;
			buildSettings = {
				ALWAYS_SEARCH_USER_PATHS = NO;
				ASSETCATALOG_COMPILER_GENERATE_SWIFT_ASSET_SYMBOL_EXTENSIONS = YES;
				CLANG_ANALYZER_NONNULL = YES;
				CLANG_ANALYZER_NUMBER_OBJECT_CONVERSION = YES_AGGRESSIVE;
				CLANG_CXX_LANGUAGE_STANDARD = "gnu++20";
				CLANG_ENABLE_MODULES = YES;
				CLANG_ENABLE_OBJC_ARC = YES;
				CLANG_ENABLE_OBJC_WEAK = YES;
				CLANG_WARN_BLOCK_CAPTURE_AUTORELEASING = YES;
				CLANG_WARN_BOOL_CONVERSION = YES;
				CLANG_WARN_COMMA = YES;
				CLANG_WARN_CONSTANT_CONVERSION = YES;
				CLANG_WARN_DEPRECATED_OBJC_IMPLEMENTATIONS = YES;
				CLANG_WARN_DIRECT_OBJC_ISA_USAGE = YES_ERROR;
				CLANG_WARN_DOCUMENTATION_COMMENTS = YES;
				CLANG_WARN_EMPTY_BODY = YES;
				CLANG_WARN_ENUM_CONVERSION = YES;
				CLANG_WARN_INFINITE_RECURSION = YES;
				CLANG_WARN_INT_CONVERSION = YES;
				CLANG_WARN_NON_LITERAL_NULL_CONVERSION = YES;
				CLANG_WARN_OBJC_IMPLICIT_RETAIN_SELF = YES;
				CLANG_WARN_OBJC_LITERAL_CONVERSION = YES;
				CLANG_WARN_OBJC_ROOT_CLASS = YES_ERROR;
				CLANG_WARN_QUOTED_INCLUDE_IN_FRAMEWORK_HEADER = YES;
				CLANG_WARN_RANGE_LOOP_ANALYSIS = YES;
				CLANG_WARN_STRICT_PROTOTYPES = YES;
				CLANG_WARN_SUSPICIOUS_MOVE = YES;
				CLANG_WARN_UNGUARDED_AVAILABILITY = YES_AGGRESSIVE;
				CLANG_WARN_UNREACHABLE_CODE = YES;
				CLANG_WARN__DUPLICATE_METHOD_MATCH = YES;
				COPY_PHASE_STRIP = NO;
				DEBUG_INFORMATION_FORMAT = dwarf;
				ENABLE_STRICT_OBJC_MSGSEND = YES;
				ENABLE_TESTABILITY = YES;
				ENABLE_USER_SCRIPT_SANDBOXING = YES;
				GCC_C_LANGUAGE_STANDARD = gnu17;
				GCC_DYNAMIC_NO_PIC = NO;
				GCC_NO_COMMON_BLOCKS = YES;
				GCC_OPTIMIZATION_LEVEL = 0;
				GCC_PREPROCESSOR_DEFINITIONS = (
					"DEBUG=1",
					"$(inherited)",
				);
				GCC_WARN_64_TO_32_BIT_CONVERSION = YES;
				GCC_WARN_ABOUT_RETURN_TYPE = YES_ERROR;
				GCC_WARN_UNDECLARED_SELECTOR = YES;
				GCC_WARN_UNINITIALIZED_AUTOS = YES_AGGRESSIVE;
				GCC_WARN_UNUSED_FUNCTION = YES;
				GCC_WARN_UNUSED_VARIABLE = YES;
				IPHONEOS_DEPLOYMENT_TARGET = 17.2;
				LOCALIZATION_PREFERS_STRING_CATALOGS = YES;
				MTL_ENABLE_DEBUG_INFO = INCLUDE_SOURCE;
				MTL_FAST_MATH = YES;
				ONLY_ACTIVE_ARCH = YES;
				SDKROOT = iphoneos;
				SWIFT_ACTIVE_COMPILATION_CONDITIONS = "DEBUG $(inherited)";
				SWIFT_OPTIMIZATION_LEVEL = "-Onone";
			};
			name = Debug;
		};
		4A547E322B8796D500F4798D /* Release */ = {
			isa = XCBuildConfiguration;
			buildSettings = {
				ALWAYS_SEARCH_USER_PATHS = NO;
				ASSETCATALOG_COMPILER_GENERATE_SWIFT_ASSET_SYMBOL_EXTENSIONS = YES;
				CLANG_ANALYZER_NONNULL = YES;
				CLANG_ANALYZER_NUMBER_OBJECT_CONVERSION = YES_AGGRESSIVE;
				CLANG_CXX_LANGUAGE_STANDARD = "gnu++20";
				CLANG_ENABLE_MODULES = YES;
				CLANG_ENABLE_OBJC_ARC = YES;
				CLANG_ENABLE_OBJC_WEAK = YES;
				CLANG_WARN_BLOCK_CAPTURE_AUTORELEASING = YES;
				CLANG_WARN_BOOL_CONVERSION = YES;
				CLANG_WARN_COMMA = YES;
				CLANG_WARN_CONSTANT_CONVERSION = YES;
				CLANG_WARN_DEPRECATED_OBJC_IMPLEMENTATIONS = YES;
				CLANG_WARN_DIRECT_OBJC_ISA_USAGE = YES_ERROR;
				CLANG_WARN_DOCUMENTATION_COMMENTS = YES;
				CLANG_WARN_EMPTY_BODY = YES;
				CLANG_WARN_ENUM_CONVERSION = YES;
				CLANG_WARN_INFINITE_RECURSION = YES;
				CLANG_WARN_INT_CONVERSION = YES;
				CLANG_WARN_NON_LITERAL_NULL_CONVERSION = YES;
				CLANG_WARN_OBJC_IMPLICIT_RETAIN_SELF = YES;
				CLANG_WARN_OBJC_LITERAL_CONVERSION = YES;
				CLANG_WARN_OBJC_ROOT_CLASS = YES_ERROR;
				CLANG_WARN_QUOTED_INCLUDE_IN_FRAMEWORK_HEADER = YES;
				CLANG_WARN_RANGE_LOOP_ANALYSIS = YES;
				CLANG_WARN_STRICT_PROTOTYPES = YES;
				CLANG_WARN_SUSPICIOUS_MOVE = YES;
				CLANG_WARN_UNGUARDED_AVAILABILITY = YES_AGGRESSIVE;
				CLANG_WARN_UNREACHABLE_CODE = YES;
				CLANG_WARN__DUPLICATE_METHOD_MATCH = YES;
				COPY_PHASE_STRIP = NO;
				DEBUG_INFORMATION_FORMAT = "dwarf-with-dsym";
				ENABLE_NS_ASSERTIONS = NO;
				ENABLE_STRICT_OBJC_MSGSEND = YES;
				ENABLE_USER_SCRIPT_SANDBOXING = YES;
				GCC_C_LANGUAGE_STANDARD = gnu17;
				GCC_NO_COMMON_BLOCKS = YES;
				GCC_WARN_64_TO_32_BIT_CONVERSION = YES;
				GCC_WARN_ABOUT_RETURN_TYPE = YES_ERROR;
				GCC_WARN_UNDECLARED_SELECTOR = YES;
				GCC_WARN_UNINITIALIZED_AUTOS = YES_AGGRESSIVE;
				GCC_WARN_UNUSED_FUNCTION = YES;
				GCC_WARN_UNUSED_VARIABLE = YES;
				IPHONEOS_DEPLOYMENT_TARGET = 17.2;
				LOCALIZATION_PREFERS_STRING_CATALOGS = YES;
				MTL_ENABLE_DEBUG_INFO = NO;
				MTL_FAST_MATH = YES;
				SDKROOT = iphoneos;
				SWIFT_COMPILATION_MODE = wholemodule;
				VALIDATE_PRODUCT = YES;
			};
			name = Release;
		};
		4A547E342B8796D500F4798D /* Debug */ = {
			isa = XCBuildConfiguration;
			buildSettings = {
				ASSETCATALOG_COMPILER_APPICON_NAME = AppIcon;
				ASSETCATALOG_COMPILER_GLOBAL_ACCENT_COLOR_NAME = AccentColor;
				CODE_SIGN_STYLE = Automatic;
				CURRENT_PROJECT_VERSION = 3;
				DEVELOPMENT_ASSET_PATHS = "\"GardenPlanner/Preview Content\"";
				DEVELOPMENT_TEAM = 54C6LYA456;
				ENABLE_PREVIEWS = YES;
				GENERATE_INFOPLIST_FILE = YES;
				INFOPLIST_KEY_NSCameraUsageDescription = "This app needs to capture image to show in the app";
				INFOPLIST_KEY_NSLocationAlwaysAndWhenInUseUsageDescription = "This app would like to know location to be able to see if plants can grow there";
				INFOPLIST_KEY_NSLocationWhenInUseUsageDescription = "This app would like to know location to be able to see if plants can grow there";
				INFOPLIST_KEY_UIApplicationSceneManifest_Generation = YES;
				INFOPLIST_KEY_UIApplicationSupportsIndirectInputEvents = YES;
				INFOPLIST_KEY_UILaunchScreen_Generation = YES;
				INFOPLIST_KEY_UISupportedInterfaceOrientations_iPad = "UIInterfaceOrientationPortrait UIInterfaceOrientationPortraitUpsideDown UIInterfaceOrientationLandscapeLeft UIInterfaceOrientationLandscapeRight";
				INFOPLIST_KEY_UISupportedInterfaceOrientations_iPhone = "UIInterfaceOrientationPortrait UIInterfaceOrientationLandscapeLeft UIInterfaceOrientationLandscapeRight";
				IPHONEOS_DEPLOYMENT_TARGET = 17.2;
				LD_RUNPATH_SEARCH_PATHS = (
					"$(inherited)",
					"@executable_path/Frameworks",
				);
				MARKETING_VERSION = 1.0;
				PRODUCT_BUNDLE_IDENTIFIER = com.PersonalCapstone.GardenPlanner;
				PRODUCT_NAME = "$(TARGET_NAME)";
				SUPPORTED_PLATFORMS = "iphoneos iphonesimulator xros xrsimulator";
				SUPPORTS_MACCATALYST = NO;
				SUPPORTS_MAC_DESIGNED_FOR_IPHONE_IPAD = NO;
				SUPPORTS_XR_DESIGNED_FOR_IPHONE_IPAD = NO;
				SWIFT_EMIT_LOC_STRINGS = YES;
				SWIFT_VERSION = 5.0;
				TARGETED_DEVICE_FAMILY = "1,7";
			};
			name = Debug;
		};
		4A547E352B8796D500F4798D /* Release */ = {
			isa = XCBuildConfiguration;
			buildSettings = {
				ASSETCATALOG_COMPILER_APPICON_NAME = AppIcon;
				ASSETCATALOG_COMPILER_GLOBAL_ACCENT_COLOR_NAME = AccentColor;
				CODE_SIGN_STYLE = Automatic;
				CURRENT_PROJECT_VERSION = 3;
				DEVELOPMENT_ASSET_PATHS = "\"GardenPlanner/Preview Content\"";
				DEVELOPMENT_TEAM = 54C6LYA456;
				ENABLE_PREVIEWS = YES;
				GENERATE_INFOPLIST_FILE = YES;
				INFOPLIST_KEY_NSCameraUsageDescription = "This app needs to capture image to show in the app";
				INFOPLIST_KEY_NSLocationAlwaysAndWhenInUseUsageDescription = "This app would like to know location to be able to see if plants can grow there";
				INFOPLIST_KEY_NSLocationWhenInUseUsageDescription = "This app would like to know location to be able to see if plants can grow there";
				INFOPLIST_KEY_UIApplicationSceneManifest_Generation = YES;
				INFOPLIST_KEY_UIApplicationSupportsIndirectInputEvents = YES;
				INFOPLIST_KEY_UILaunchScreen_Generation = YES;
				INFOPLIST_KEY_UISupportedInterfaceOrientations_iPad = "UIInterfaceOrientationPortrait UIInterfaceOrientationPortraitUpsideDown UIInterfaceOrientationLandscapeLeft UIInterfaceOrientationLandscapeRight";
				INFOPLIST_KEY_UISupportedInterfaceOrientations_iPhone = "UIInterfaceOrientationPortrait UIInterfaceOrientationLandscapeLeft UIInterfaceOrientationLandscapeRight";
				IPHONEOS_DEPLOYMENT_TARGET = 17.2;
				LD_RUNPATH_SEARCH_PATHS = (
					"$(inherited)",
					"@executable_path/Frameworks",
				);
				MARKETING_VERSION = 1.0;
				PRODUCT_BUNDLE_IDENTIFIER = com.PersonalCapstone.GardenPlanner;
				PRODUCT_NAME = "$(TARGET_NAME)";
				SUPPORTED_PLATFORMS = "iphoneos iphonesimulator xros xrsimulator";
				SUPPORTS_MACCATALYST = NO;
				SUPPORTS_MAC_DESIGNED_FOR_IPHONE_IPAD = NO;
				SUPPORTS_XR_DESIGNED_FOR_IPHONE_IPAD = NO;
				SWIFT_EMIT_LOC_STRINGS = YES;
				SWIFT_VERSION = 5.0;
				TARGETED_DEVICE_FAMILY = "1,7";
			};
			name = Release;
		};
/* End XCBuildConfiguration section */

/* Begin XCConfigurationList section */
		4A547E202B8796D400F4798D /* Build configuration list for PBXProject "GardenPlanner" */ = {
			isa = XCConfigurationList;
			buildConfigurations = (
				4A547E312B8796D500F4798D /* Debug */,
				4A547E322B8796D500F4798D /* Release */,
			);
			defaultConfigurationIsVisible = 0;
			defaultConfigurationName = Release;
		};
		4A547E332B8796D500F4798D /* Build configuration list for PBXNativeTarget "GardenPlanner" */ = {
			isa = XCConfigurationList;
			buildConfigurations = (
				4A547E342B8796D500F4798D /* Debug */,
				4A547E352B8796D500F4798D /* Release */,
			);
			defaultConfigurationIsVisible = 0;
			defaultConfigurationName = Release;
		};
/* End XCConfigurationList section */

/* Begin XCRemoteSwiftPackageReference section */
		4A9A6F772BADC6F70039E0D9 /* XCRemoteSwiftPackageReference "Vortex" */ = {
			isa = XCRemoteSwiftPackageReference;
			repositoryURL = "https://github.com/twostraws/Vortex.git";
			requirement = {
				kind = upToNextMajorVersion;
				minimumVersion = 1.0.0;
			};
		};
/* End XCRemoteSwiftPackageReference section */

/* Begin XCSwiftPackageProductDependency section */
		4A9A6F782BADC6F70039E0D9 /* Vortex */ = {
			isa = XCSwiftPackageProductDependency;
			package = 4A9A6F772BADC6F70039E0D9 /* XCRemoteSwiftPackageReference "Vortex" */;
			productName = Vortex;
		};
/* End XCSwiftPackageProductDependency section */
	};
	rootObject = 4A547E1D2B8796D400F4798D /* Project object */;
}
